PODS:
  - FLEX (2.2.0)
  - QuickTableViewController (0.9.1)
  - Realm (3.0.2):
    - Realm/Headers (= 3.0.2)
  - Realm/Headers (3.0.2)
  - RealmSwift (3.0.2):
    - Realm (= 3.0.2)
  - RxCocoa (3.4.0):
    - RxSwift (~> 3.4)
  - RxSwift (3.4.0)
  - SmileLock (2.0.2)
  - SSKeychain (1.4.1)
  - TOPasscodeViewController (0.0.2)
  - UIColor_Hex_Swift (3.0.2)
  - VENTouchLock (1.12.0):
    - SSKeychain (~> 1.0)

DEPENDENCIES:
  - FLEX (~> 2.2.0)
  - QuickTableViewController
  - RealmSwift (~> 3.0.0)
  - RxCocoa
  - RxSwift
  - SmileLock (~> 2.0.0)
  - TOPasscodeViewController
  - UIColor_Hex_Swift (~> 3.0.2)
  - VENTouchLock

SPEC REPOS:
  https://github.com/cocoapods/specs.git:
    - FLEX
    - QuickTableViewController
    - Realm
    - RealmSwift
    - RxCocoa
    - RxSwift
    - SmileLock
    - SSKeychain
    - TOPasscodeViewController
    - UIColor_Hex_Swift
    - VENTouchLock

SPEC CHECKSUMS:
  FLEX: bc8a4fb887ed5d3cdf7c2f3bd665f7bb1647cc58
  QuickTableViewController: 5cbe91041c00b3ef4cfc405e3fad92b1fb63d6d2
  Realm: 6f23fd1f178a09342eac21bfa7c2bf4312a7a180
  RealmSwift: 695393add1b8f9d5fa75dd16e6355cf3935f71e2
  RxCocoa: d14ef6b6029e1ddc6e966508c09289090de68ff9
  RxSwift: 3789a1af753002a14edecdb698a2424624296a9c
  SmileLock: 7ae1e174b4697c0a33882dab838fc0bea94432f4
  SSKeychain: 55cc80f66f5c73da827e3077f02e43528897db41
  TOPasscodeViewController: 03b5df3762a7be1511102093c644a42275bddf24
  UIColor_Hex_Swift: 95f718452092a3efc8a827dffd2c04d3237be02d
  VENTouchLock: 20d378b9c6173e2c054448aeb3fb2f40822a9f3f

PODFILE CHECKSUM: 3389e67402ab31919d936760163ffdb59ff1d230

COCOAPODS: 1.5.2
